
Microsoft Visual Studio Solution File, Format Version 12.00
# Visual Studio Version 16
VisualStudioVersion = 16.0.30011.22
MinimumVisualStudioVersion = 10.0.40219.1
Project("{FAE04EC0-301F-11D3-BF4B-00C04F79EFBC}") = "Movies", "Movies\Movies.csproj", "{81AB4FCF-0C49-4CF0-BBCD-1EFC5E6FFD2E}"
EndProject
Global
	GlobalSection(SolutionConfigurationPlatforms) = preSolution
		Debug|Any CPU = Debug|Any CPU
		Release|Any CPU = Release|Any CPU
	EndGlobalSection
	GlobalSection(ProjectConfigurationPlatforms) = postSolution
		{81AB4FCF-0C49-4CF0-BBCD-1EFC5E6FFD2E}.Debug|Any CPU.ActiveCfg = Debug|Any CPU
		{81AB4FCF-0C49-4CF0-BBCD-1EFC5E6FFD2E}.Debug|Any CPU.Build.0 = Debug|Any CPU
		{81AB4FCF-0C49-4CF0-BBCD-1EFC5E6FFD2E}.Release|Any CPU.ActiveCfg = Release|Any CPU
		{81AB4FCF-0C49-4CF0-BBCD-1EFC5E6FFD2E}.Release|Any CPU.Build.0 = Release|Any CPU
	EndGlobalSection
	GlobalSection(SolutionProperties) = preSolution
		HideSolutionNode = FALSE
	EndGlobalSection
	GlobalSection(ExtensibilityGlobals) = postSolution
		SolutionGuid = {59AF8561-1C98-46BA-B828-C172A910EED7}
	EndGlobalSection
EndGlobal
